
Microsoft Visual Studio Solution File, Format Version 12.00
# Visual Studio Version 17
VisualStudioVersion = 17.0.32014.148
MinimumVisualStudioVersion = 10.0.40219.1
Project("{9A19103F-16F7-4668-BE54-9A1E7A4F7556}") = "Tests", "Source\Tests.csproj", "{EE1A8CAE-D390-4A2D-89F1-B1C1A934C2F3}"
EndProject
Project("{9A19103F-16F7-4668-BE54-9A1E7A4F7556}") = "ConsoleRunner", "ConsoleRunner\ConsoleRunner.csproj", "{1182B7A6-EB49-443E-99A3-9AE7037A6CF9}"
EndProject
Project("{9A19103F-16F7-4668-BE54-9A1E7A4F7556}") = "TestRunner", "TestRunner\TestRunner.csproj", "{ED3349B6-2DC9-4293-A295-570D9B54DDA2}"
EndProject
Project("{9A19103F-16F7-4668-BE54-9A1E7A4F7556}") = "LinqToDB", "..\linq2db\Source\LinqToDB\LinqToDB.csproj", "{3914859B-C108-4501-8490-E137B8112946}"
EndProject
Project("{9A19103F-16F7-4668-BE54-9A1E7A4F7556}") = "LinqToDB.Remote.Wcf", "..\linq2db\Source\LinqToDB.Remote.Wcf\LinqToDB.Remote.Wcf.csproj", "{9F60AD9D-7C04-4450-9866-2983DBA4CC1A}"
EndProject
Project("{2150E333-8FDC-42A3-9474-1A3956D46DE8}") = ".root", ".root", "{4ACEAF26-FCF3-4121-B7D3-D5DF81C84DC7}"
	ProjectSection(SolutionItems) = preProject
		Directory.Build.props = Directory.Build.props
		Directory.Packages.props = Directory.Packages.props
		RunAll.cmd = RunAll.cmd
		UI.cmd = UI.cmd
	EndProjectSection
EndProject
Project("{9A19103F-16F7-4668-BE54-9A1E7A4F7556}") = "GUI", "Gui\GUI.csproj", "{3EAD91C4-6167-4C34-9BA9-33896E37162B}"
EndProject
Global
	GlobalSection(SolutionConfigurationPlatforms) = preSolution
		Debug|Any CPU = Debug|Any CPU
		Release|Any CPU = Release|Any CPU
	EndGlobalSection
	GlobalSection(ProjectConfigurationPlatforms) = postSolution
		{EE1A8CAE-D390-4A2D-89F1-B1C1A934C2F3}.Debug|Any CPU.ActiveCfg = Debug|Any CPU
		{EE1A8CAE-D390-4A2D-89F1-B1C1A934C2F3}.Debug|Any CPU.Build.0 = Debug|Any CPU
		{EE1A8CAE-D390-4A2D-89F1-B1C1A934C2F3}.Release|Any CPU.ActiveCfg = Release|Any CPU
		{EE1A8CAE-D390-4A2D-89F1-B1C1A934C2F3}.Release|Any CPU.Build.0 = Release|Any CPU
		{1182B7A6-EB49-443E-99A3-9AE7037A6CF9}.Debug|Any CPU.ActiveCfg = Debug|Any CPU
		{1182B7A6-EB49-443E-99A3-9AE7037A6CF9}.Debug|Any CPU.Build.0 = Debug|Any CPU
		{1182B7A6-EB49-443E-99A3-9AE7037A6CF9}.Release|Any CPU.ActiveCfg = Release|Any CPU
		{1182B7A6-EB49-443E-99A3-9AE7037A6CF9}.Release|Any CPU.Build.0 = Release|Any CPU
		{ED3349B6-2DC9-4293-A295-570D9B54DDA2}.Debug|Any CPU.ActiveCfg = Debug|Any CPU
		{ED3349B6-2DC9-4293-A295-570D9B54DDA2}.Debug|Any CPU.Build.0 = Debug|Any CPU
		{ED3349B6-2DC9-4293-A295-570D9B54DDA2}.Release|Any CPU.ActiveCfg = Release|Any CPU
		{ED3349B6-2DC9-4293-A295-570D9B54DDA2}.Release|Any CPU.Build.0 = Release|Any CPU
		{3914859B-C108-4501-8490-E137B8112946}.Debug|Any CPU.ActiveCfg = Debug|Any CPU
		{3914859B-C108-4501-8490-E137B8112946}.Debug|Any CPU.Build.0 = Debug|Any CPU
		{3914859B-C108-4501-8490-E137B8112946}.Release|Any CPU.ActiveCfg = Release|Any CPU
		{3914859B-C108-4501-8490-E137B8112946}.Release|Any CPU.Build.0 = Release|Any CPU
		{9F60AD9D-7C04-4450-9866-2983DBA4CC1A}.Debug|Any CPU.ActiveCfg = Debug|Any CPU
		{9F60AD9D-7C04-4450-9866-2983DBA4CC1A}.Debug|Any CPU.Build.0 = Debug|Any CPU
		{9F60AD9D-7C04-4450-9866-2983DBA4CC1A}.Release|Any CPU.ActiveCfg = Release|Any CPU
		{9F60AD9D-7C04-4450-9866-2983DBA4CC1A}.Release|Any CPU.Build.0 = Release|Any CPU
		{3EAD91C4-6167-4C34-9BA9-33896E37162B}.Debug|Any CPU.ActiveCfg = Debug|Any CPU
		{3EAD91C4-6167-4C34-9BA9-33896E37162B}.Debug|Any CPU.Build.0 = Debug|Any CPU
		{3EAD91C4-6167-4C34-9BA9-33896E37162B}.Release|Any CPU.ActiveCfg = Release|Any CPU
		{3EAD91C4-6167-4C34-9BA9-33896E37162B}.Release|Any CPU.Build.0 = Release|Any CPU
	EndGlobalSection
	GlobalSection(SolutionProperties) = preSolution
		HideSolutionNode = FALSE
	EndGlobalSection
	GlobalSection(ExtensibilityGlobals) = postSolution
		SolutionGuid = {DF6A52AD-0C61-477C-A8EB-D17F0ABE83F0}
	EndGlobalSection
EndGlobal
